
Microsoft Visual Studio Solution File, Format Version 12.00
# Visual Studio Version 17
VisualStudioVersion = 17.1.32228.430
MinimumVisualStudioVersion = 10.0.40219.1
Project("{FAE04EC0-301F-11D3-BF4B-00C04F79EFBC}") = "Leksi_Book_Shop", "Leksi_Book_Shop\Leksi_Book_Shop.csproj", "{BD64AC75-1B43-4193-9D90-7538664E33F1}"
EndProject
Global
	GlobalSection(SolutionConfigurationPlatforms) = preSolution
		Debug|Any CPU = Debug|Any CPU
		Release|Any CPU = Release|Any CPU
	EndGlobalSection
	GlobalSection(ProjectConfigurationPlatforms) = postSolution
		{BD64AC75-1B43-4193-9D90-7538664E33F1}.Debug|Any CPU.ActiveCfg = Debug|Any CPU
		{BD64AC75-1B43-4193-9D90-7538664E33F1}.Debug|Any CPU.Build.0 = Debug|Any CPU
		{BD64AC75-1B43-4193-9D90-7538664E33F1}.Release|Any CPU.ActiveCfg = Release|Any CPU
		{BD64AC75-1B43-4193-9D90-7538664E33F1}.Release|Any CPU.Build.0 = Release|Any CPU
	EndGlobalSection
	GlobalSection(SolutionProperties) = preSolution
		HideSolutionNode = FALSE
	EndGlobalSection
	GlobalSection(ExtensibilityGlobals) = postSolution
		SolutionGuid = {2D3A5B13-AFE5-4D10-B00A-E9F214B59F1C}
	EndGlobalSection
EndGlobal
